
Microsoft Visual Studio Solution File, Format Version 12.00
# Visual Studio 15
VisualStudioVersion = 15.0.28010.2046
MinimumVisualStudioVersion = 10.0.40219.1
Project("{FAE04EC0-301F-11D3-BF4B-00C04F79EFBC}") = "BE", "BE\BE.csproj", "{450618F0-EBF6-4A75-A8DC-AEC723EE3FC8}"
EndProject
Project("{FAE04EC0-301F-11D3-BF4B-00C04F79EFBC}") = "DAL", "DAL\DAL.csproj", "{51A53E1D-8738-44EA-8261-4F16D44335F5}"
EndProject
Project("{FAE04EC0-301F-11D3-BF4B-00C04F79EFBC}") = "DS", "DS\DS.csproj", "{11CB057B-A146-411B-96FD-4E1801F06DC5}"
EndProject
Global
	GlobalSection(SolutionConfigurationPlatforms) = preSolution
		Debug|Any CPU = Debug|Any CPU
		Release|Any CPU = Release|Any CPU
	EndGlobalSection
	GlobalSection(ProjectConfigurationPlatforms) = postSolution
		{450618F0-EBF6-4A75-A8DC-AEC723EE3FC8}.Debug|Any CPU.ActiveCfg = Debug|Any CPU
		{450618F0-EBF6-4A75-A8DC-AEC723EE3FC8}.Debug|Any CPU.Build.0 = Debug|Any CPU
		{450618F0-EBF6-4A75-A8DC-AEC723EE3FC8}.Release|Any CPU.ActiveCfg = Release|Any CPU
		{450618F0-EBF6-4A75-A8DC-AEC723EE3FC8}.Release|Any CPU.Build.0 = Release|Any CPU
		{51A53E1D-8738-44EA-8261-4F16D44335F5}.Debug|Any CPU.ActiveCfg = Debug|Any CPU
		{51A53E1D-8738-44EA-8261-4F16D44335F5}.Debug|Any CPU.Build.0 = Debug|Any CPU
		{51A53E1D-8738-44EA-8261-4F16D44335F5}.Release|Any CPU.ActiveCfg = Release|Any CPU
		{51A53E1D-8738-44EA-8261-4F16D44335F5}.Release|Any CPU.Build.0 = Release|Any CPU
		{11CB057B-A146-411B-96FD-4E1801F06DC5}.Debug|Any CPU.ActiveCfg = Debug|Any CPU
		{11CB057B-A146-411B-96FD-4E1801F06DC5}.Debug|Any CPU.Build.0 = Debug|Any CPU
		{11CB057B-A146-411B-96FD-4E1801F06DC5}.Release|Any CPU.ActiveCfg = Release|Any CPU
		{11CB057B-A146-411B-96FD-4E1801F06DC5}.Release|Any CPU.Build.0 = Release|Any CPU
	EndGlobalSection
	GlobalSection(SolutionProperties) = preSolution
		HideSolutionNode = FALSE
	EndGlobalSection
	GlobalSection(ExtensibilityGlobals) = postSolution
		SolutionGuid = {BA90B46B-D2DC-4742-A0E1-D71EB4631939}
	EndGlobalSection
EndGlobal
